
Microsoft Visual Studio Solution File, Format Version 12.00
# Visual Studio Version 17
VisualStudioVersion = 17.7.34024.191
MinimumVisualStudioVersion = 10.0.40219.1
Project("{FAE04EC0-301F-11D3-BF4B-00C04F79EFBC}") = "Blackjack", "Blackjack\Blackjack.csproj", "{08297A86-9B80-4914-B4AE-E8C2CF9F909F}"
EndProject
Global
	GlobalSection(SolutionConfigurationPlatforms) = preSolution
		Debug|Any CPU = Debug|Any CPU
		Release|Any CPU = Release|Any CPU
	EndGlobalSection
	GlobalSection(ProjectConfigurationPlatforms) = postSolution
		{08297A86-9B80-4914-B4AE-E8C2CF9F909F}.Debug|Any CPU.ActiveCfg = Debug|Any CPU
		{08297A86-9B80-4914-B4AE-E8C2CF9F909F}.Debug|Any CPU.Build.0 = Debug|Any CPU
		{08297A86-9B80-4914-B4AE-E8C2CF9F909F}.Release|Any CPU.ActiveCfg = Release|Any CPU
		{08297A86-9B80-4914-B4AE-E8C2CF9F909F}.Release|Any CPU.Build.0 = Release|Any CPU
	EndGlobalSection
	GlobalSection(SolutionProperties) = preSolution
		HideSolutionNode = FALSE
	EndGlobalSection
	GlobalSection(ExtensibilityGlobals) = postSolution
		SolutionGuid = {7FFA4BAC-845F-4F9D-91F6-ECEC5E5652CC}
	EndGlobalSection
EndGlobal
